{
  "name": "sandbox-monorepo",
  "version": "0.0.0",
  "lockfileVersion": 3,
  "requires": true,
  "packages": {
    "": {
      "name": "sandbox-monorepo",
      "version": "0.0.0",
      "workspaces": [
        "apps/*",
        "packages/*",
        "experiments/*"
      ],
      "engines": {
        "node": ">=20",
        "npm": ">=10"
      }
    },
    "apps/hello": {
      "name": "@sandbox/hello",
      "version": "0.0.0",
      "dependencies": {
        "@sandbox/shared": "*"
      }
    },
    "apps/investment-lab": {
      "name": "@sandbox/investment-lab",
      "version": "0.1.0",
      "dependencies": {
        "lightweight-charts": "5.2.0"
      }
    },
    "apps/safe-artifact-playground": {
      "name": "@sandbox/safe-artifact-playground",
      "version": "0.0.0"
    },
    "experiments/btc-regime-validation": {
      "name": "@sandbox/btc-regime-validation"
    },
    "node_modules/@sandbox/btc-regime-validation": {
      "resolved": "experiments/btc-regime-validation",
      "link": true
    },
    "node_modules/@sandbox/hello": {
      "resolved": "apps/hello",
      "link": true
    },
    "node_modules/@sandbox/investment-lab": {
      "resolved": "apps/investment-lab",
      "link": true
    },
    "node_modules/@sandbox/safe-artifact-playground": {
      "resolved": "apps/safe-artifact-playground",
      "link": true
    },
    "node_modules/@sandbox/shared": {
      "resolved": "packages/shared",
      "link": true
    },
    "node_modules/fancy-canvas": {
      "version": "2.1.0",
      "resolved": "https://registry.npmjs.org/fancy-canvas/-/fancy-canvas-2.1.0.tgz",
      "integrity": "sha512-nifxXJ95JNLFR2NgRV4/MxVP45G9909wJTEKz5fg/TZS20JJZA6hfgRVh/bC9bwl2zBtBNcYPjiBE4njQHVBwQ==",
      "license": "MIT"
    },
    "node_modules/lightweight-charts": {
      "version": "5.2.0",
      "resolved": "https://registry.npmjs.org/lightweight-charts/-/lightweight-charts-5.2.0.tgz",
      "integrity": "sha512-ey3Vas8UhV06ni+LT9TA1nEe4y8So4Mi6CL/oarNHFMyTktz/xy8e8+oh04Q//eO3t6etvFXgayz2fClyFQb5w==",
      "license": "Apache-2.0",
      "dependencies": {
        "fancy-canvas": "2.1.0"
      }
    },
    "packages/shared": {
      "name": "@sandbox/shared",
      "version": "0.0.0"
    }
  }
}
